
Microsoft Visual Studio Solution File, Format Version 12.00
Project("{FAE04EC0-301F-11D3-BF4B-00C04F79EFBC}") = "Command", "Command\Command.csproj", "{110070EB-11B9-4BFC-922E-3F2491941EDC}"
EndProject
Project("{FAE04EC0-301F-11D3-BF4B-00C04F79EFBC}") = "Worker", "Worker\Worker.csproj", "{621B3305-01F5-4A7C-B1C0-30D70850339B}"
EndProject
Project("{FAE04EC0-301F-11D3-BF4B-00C04F79EFBC}") = "CommandProxy", "CommandProxy\CommandProxy.csproj", "{60F882E1-BAAC-4B74-B5FE-86B89BC1C7B5}"
EndProject
Project("{FAE04EC0-301F-11D3-BF4B-00C04F79EFBC}") = "Query", "Query\Query.csproj", "{3B9D30E0-D1B6-4C97-9227-63C46CCAB569}"
EndProject
Project("{2150E333-8FDC-42A3-9474-1A3956D46DE8}") = "ReadModel", "ReadModel", "{E0CB00DE-3D04-4138-9D46-67DBC6C92FB7}"
EndProject
Project("{2150E333-8FDC-42A3-9474-1A3956D46DE8}") = "WriteModel", "WriteModel", "{347065BE-2F98-46DE-B01C-D768D7CF4E1D}"
EndProject
Project("{FAE04EC0-301F-11D3-BF4B-00C04F79EFBC}") = "Response", "Response\Response.csproj", "{F0170788-325E-43A7-B254-0A182E05ADED}"
EndProject
Project("{FAE04EC0-301F-11D3-BF4B-00C04F79EFBC}") = "QueryProxy", "QueryProxy\QueryProxy.csproj", "{E6048C3D-5459-4222-87C9-332B35971230}"
EndProject
Global
	GlobalSection(SolutionConfigurationPlatforms) = preSolution
		Debug|Any CPU = Debug|Any CPU
		Release|Any CPU = Release|Any CPU
	EndGlobalSection
	GlobalSection(ProjectConfigurationPlatforms) = postSolution
		{110070EB-11B9-4BFC-922E-3F2491941EDC}.Debug|Any CPU.ActiveCfg = Debug|Any CPU
		{110070EB-11B9-4BFC-922E-3F2491941EDC}.Debug|Any CPU.Build.0 = Debug|Any CPU
		{110070EB-11B9-4BFC-922E-3F2491941EDC}.Release|Any CPU.ActiveCfg = Release|Any CPU
		{110070EB-11B9-4BFC-922E-3F2491941EDC}.Release|Any CPU.Build.0 = Release|Any CPU
		{621B3305-01F5-4A7C-B1C0-30D70850339B}.Debug|Any CPU.ActiveCfg = Debug|Any CPU
		{621B3305-01F5-4A7C-B1C0-30D70850339B}.Debug|Any CPU.Build.0 = Debug|Any CPU
		{621B3305-01F5-4A7C-B1C0-30D70850339B}.Release|Any CPU.ActiveCfg = Release|Any CPU
		{621B3305-01F5-4A7C-B1C0-30D70850339B}.Release|Any CPU.Build.0 = Release|Any CPU
		{60F882E1-BAAC-4B74-B5FE-86B89BC1C7B5}.Debug|Any CPU.ActiveCfg = Debug|Any CPU
		{60F882E1-BAAC-4B74-B5FE-86B89BC1C7B5}.Debug|Any CPU.Build.0 = Debug|Any CPU
		{60F882E1-BAAC-4B74-B5FE-86B89BC1C7B5}.Release|Any CPU.ActiveCfg = Release|Any CPU
		{60F882E1-BAAC-4B74-B5FE-86B89BC1C7B5}.Release|Any CPU.Build.0 = Release|Any CPU
		{3B9D30E0-D1B6-4C97-9227-63C46CCAB569}.Debug|Any CPU.ActiveCfg = Debug|Any CPU
		{3B9D30E0-D1B6-4C97-9227-63C46CCAB569}.Debug|Any CPU.Build.0 = Debug|Any CPU
		{3B9D30E0-D1B6-4C97-9227-63C46CCAB569}.Release|Any CPU.ActiveCfg = Release|Any CPU
		{3B9D30E0-D1B6-4C97-9227-63C46CCAB569}.Release|Any CPU.Build.0 = Release|Any CPU
		{F0170788-325E-43A7-B254-0A182E05ADED}.Debug|Any CPU.ActiveCfg = Debug|Any CPU
		{F0170788-325E-43A7-B254-0A182E05ADED}.Debug|Any CPU.Build.0 = Debug|Any CPU
		{F0170788-325E-43A7-B254-0A182E05ADED}.Release|Any CPU.ActiveCfg = Release|Any CPU
		{F0170788-325E-43A7-B254-0A182E05ADED}.Release|Any CPU.Build.0 = Release|Any CPU
		{E6048C3D-5459-4222-87C9-332B35971230}.Debug|Any CPU.ActiveCfg = Debug|Any CPU
		{E6048C3D-5459-4222-87C9-332B35971230}.Debug|Any CPU.Build.0 = Debug|Any CPU
		{E6048C3D-5459-4222-87C9-332B35971230}.Release|Any CPU.ActiveCfg = Release|Any CPU
		{E6048C3D-5459-4222-87C9-332B35971230}.Release|Any CPU.Build.0 = Release|Any CPU
	EndGlobalSection
	GlobalSection(NestedProjects) = preSolution
		{3B9D30E0-D1B6-4C97-9227-63C46CCAB569} = {E0CB00DE-3D04-4138-9D46-67DBC6C92FB7}
		{110070EB-11B9-4BFC-922E-3F2491941EDC} = {347065BE-2F98-46DE-B01C-D768D7CF4E1D}
		{60F882E1-BAAC-4B74-B5FE-86B89BC1C7B5} = {347065BE-2F98-46DE-B01C-D768D7CF4E1D}
		{621B3305-01F5-4A7C-B1C0-30D70850339B} = {347065BE-2F98-46DE-B01C-D768D7CF4E1D}
		{F0170788-325E-43A7-B254-0A182E05ADED} = {E0CB00DE-3D04-4138-9D46-67DBC6C92FB7}
		{E6048C3D-5459-4222-87C9-332B35971230} = {E0CB00DE-3D04-4138-9D46-67DBC6C92FB7}
	EndGlobalSection
EndGlobal
