
Microsoft Visual Studio Solution File, Format Version 12.00
Project("{FAE04EC0-301F-11D3-BF4B-00C04F79EFBC}") = "TodoList.Command.Client", "TodoList.Command.Client\TodoList.Command.Client.csproj", "{110070EB-11B9-4BFC-922E-3F2491941EDC}"
EndProject
Project("{FAE04EC0-301F-11D3-BF4B-00C04F79EFBC}") = "TodoList.App.CommandHandler", "TodoList.App.CommandHandler\TodoList.App.CommandHandler.csproj", "{621B3305-01F5-4A7C-B1C0-30D70850339B}"
EndProject
Project("{FAE04EC0-301F-11D3-BF4B-00C04F79EFBC}") = "TodoList.App.CommandProxy", "TodoList.App.CommandProxy\TodoList.App.CommandProxy.csproj", "{60F882E1-BAAC-4B74-B5FE-86B89BC1C7B5}"
EndProject
Project("{FAE04EC0-301F-11D3-BF4B-00C04F79EFBC}") = "TodoList.Client.Query", "TodoList.Client.Query\TodoList.Client.Query.csproj", "{3B9D30E0-D1B6-4C97-9227-63C46CCAB569}"
EndProject
Project("{2150E333-8FDC-42A3-9474-1A3956D46DE8}") = "TodoList.Read", "TodoList.Read", "{E0CB00DE-3D04-4138-9D46-67DBC6C92FB7}"
EndProject
Project("{2150E333-8FDC-42A3-9474-1A3956D46DE8}") = "TodoList.Write", "TodoList.Write", "{347065BE-2F98-46DE-B01C-D768D7CF4E1D}"
EndProject
Project("{FAE04EC0-301F-11D3-BF4B-00C04F79EFBC}") = "TodoList.App.QueryHandler", "TodoList.App.QueryHandler\TodoList.App.QueryHandler.csproj", "{F0170788-325E-43A7-B254-0A182E05ADED}"
EndProject
Project("{FAE04EC0-301F-11D3-BF4B-00C04F79EFBC}") = "TodoList.App.QueryProxy", "TodoList.App.QueryProxy\TodoList.App.QueryProxy.csproj", "{E6048C3D-5459-4222-87C9-332B35971230}"
EndProject
Project("{FAE04EC0-301F-11D3-BF4B-00C04F79EFBC}") = "TodoList.Commands", "TodoList.Commands\TodoList.Commands.csproj", "{E818425F-A2E6-4515-9138-6801FBB1E9BF}"
EndProject
Project("{2150E333-8FDC-42A3-9474-1A3956D46DE8}") = "TodoList.EventIntegration", "TodoList.EventIntegration", "{08744F51-71BF-4959-9F03-66F9EE42D32F}"
EndProject
Project("{FAE04EC0-301F-11D3-BF4B-00C04F79EFBC}") = "TodoList.App.EventHandler", "TodoList.App.EventHandler\TodoList.App.EventHandler.csproj", "{6C300608-08B7-44ED-AE58-E09B3279CCE0}"
EndProject
Project("{2150E333-8FDC-42A3-9474-1A3956D46DE8}") = "Frontend", "Frontend", "{560BE328-4354-4D15-A0B6-1FCC3A6539C4}"
EndProject
Project("{FAE04EC0-301F-11D3-BF4B-00C04F79EFBC}") = "Gateway", "Gateway\Gateway.csproj", "{755AAF6E-D492-42B4-9624-4413D3964B10}"
EndProject
Project("{2150E333-8FDC-42A3-9474-1A3956D46DE8}") = "TodoList.Domain", "TodoList.Domain", "{034E346F-F9E2-414C-902F-7DA1519E20CE}"
EndProject
Project("{FAE04EC0-301F-11D3-BF4B-00C04F79EFBC}") = "TodoList.Domain", "TodoList.Domain\TodoList.Domain.csproj", "{A72428D1-062F-43E5-A77E-79362E864F12}"
EndProject
Global
	GlobalSection(SolutionConfigurationPlatforms) = preSolution
		Debug|Any CPU = Debug|Any CPU
		Release|Any CPU = Release|Any CPU
	EndGlobalSection
	GlobalSection(ProjectConfigurationPlatforms) = postSolution
		{110070EB-11B9-4BFC-922E-3F2491941EDC}.Debug|Any CPU.ActiveCfg = Debug|Any CPU
		{110070EB-11B9-4BFC-922E-3F2491941EDC}.Debug|Any CPU.Build.0 = Debug|Any CPU
		{110070EB-11B9-4BFC-922E-3F2491941EDC}.Release|Any CPU.ActiveCfg = Release|Any CPU
		{110070EB-11B9-4BFC-922E-3F2491941EDC}.Release|Any CPU.Build.0 = Release|Any CPU
		{621B3305-01F5-4A7C-B1C0-30D70850339B}.Debug|Any CPU.ActiveCfg = Debug|Any CPU
		{621B3305-01F5-4A7C-B1C0-30D70850339B}.Debug|Any CPU.Build.0 = Debug|Any CPU
		{621B3305-01F5-4A7C-B1C0-30D70850339B}.Release|Any CPU.ActiveCfg = Release|Any CPU
		{621B3305-01F5-4A7C-B1C0-30D70850339B}.Release|Any CPU.Build.0 = Release|Any CPU
		{60F882E1-BAAC-4B74-B5FE-86B89BC1C7B5}.Debug|Any CPU.ActiveCfg = Debug|Any CPU
		{60F882E1-BAAC-4B74-B5FE-86B89BC1C7B5}.Debug|Any CPU.Build.0 = Debug|Any CPU
		{60F882E1-BAAC-4B74-B5FE-86B89BC1C7B5}.Release|Any CPU.ActiveCfg = Release|Any CPU
		{60F882E1-BAAC-4B74-B5FE-86B89BC1C7B5}.Release|Any CPU.Build.0 = Release|Any CPU
		{3B9D30E0-D1B6-4C97-9227-63C46CCAB569}.Debug|Any CPU.ActiveCfg = Debug|Any CPU
		{3B9D30E0-D1B6-4C97-9227-63C46CCAB569}.Debug|Any CPU.Build.0 = Debug|Any CPU
		{3B9D30E0-D1B6-4C97-9227-63C46CCAB569}.Release|Any CPU.ActiveCfg = Release|Any CPU
		{3B9D30E0-D1B6-4C97-9227-63C46CCAB569}.Release|Any CPU.Build.0 = Release|Any CPU
		{F0170788-325E-43A7-B254-0A182E05ADED}.Debug|Any CPU.ActiveCfg = Debug|Any CPU
		{F0170788-325E-43A7-B254-0A182E05ADED}.Debug|Any CPU.Build.0 = Debug|Any CPU
		{F0170788-325E-43A7-B254-0A182E05ADED}.Release|Any CPU.ActiveCfg = Release|Any CPU
		{F0170788-325E-43A7-B254-0A182E05ADED}.Release|Any CPU.Build.0 = Release|Any CPU
		{E6048C3D-5459-4222-87C9-332B35971230}.Debug|Any CPU.ActiveCfg = Debug|Any CPU
		{E6048C3D-5459-4222-87C9-332B35971230}.Debug|Any CPU.Build.0 = Debug|Any CPU
		{E6048C3D-5459-4222-87C9-332B35971230}.Release|Any CPU.ActiveCfg = Release|Any CPU
		{E6048C3D-5459-4222-87C9-332B35971230}.Release|Any CPU.Build.0 = Release|Any CPU
		{E818425F-A2E6-4515-9138-6801FBB1E9BF}.Debug|Any CPU.ActiveCfg = Debug|Any CPU
		{E818425F-A2E6-4515-9138-6801FBB1E9BF}.Debug|Any CPU.Build.0 = Debug|Any CPU
		{E818425F-A2E6-4515-9138-6801FBB1E9BF}.Release|Any CPU.ActiveCfg = Release|Any CPU
		{E818425F-A2E6-4515-9138-6801FBB1E9BF}.Release|Any CPU.Build.0 = Release|Any CPU
		{6C300608-08B7-44ED-AE58-E09B3279CCE0}.Debug|Any CPU.ActiveCfg = Debug|Any CPU
		{6C300608-08B7-44ED-AE58-E09B3279CCE0}.Debug|Any CPU.Build.0 = Debug|Any CPU
		{6C300608-08B7-44ED-AE58-E09B3279CCE0}.Release|Any CPU.ActiveCfg = Release|Any CPU
		{6C300608-08B7-44ED-AE58-E09B3279CCE0}.Release|Any CPU.Build.0 = Release|Any CPU
		{755AAF6E-D492-42B4-9624-4413D3964B10}.Debug|Any CPU.ActiveCfg = Debug|Any CPU
		{755AAF6E-D492-42B4-9624-4413D3964B10}.Debug|Any CPU.Build.0 = Debug|Any CPU
		{755AAF6E-D492-42B4-9624-4413D3964B10}.Release|Any CPU.ActiveCfg = Release|Any CPU
		{755AAF6E-D492-42B4-9624-4413D3964B10}.Release|Any CPU.Build.0 = Release|Any CPU
		{A72428D1-062F-43E5-A77E-79362E864F12}.Debug|Any CPU.ActiveCfg = Debug|Any CPU
		{A72428D1-062F-43E5-A77E-79362E864F12}.Debug|Any CPU.Build.0 = Debug|Any CPU
		{A72428D1-062F-43E5-A77E-79362E864F12}.Release|Any CPU.ActiveCfg = Release|Any CPU
		{A72428D1-062F-43E5-A77E-79362E864F12}.Release|Any CPU.Build.0 = Release|Any CPU
	EndGlobalSection
	GlobalSection(NestedProjects) = preSolution
		{3B9D30E0-D1B6-4C97-9227-63C46CCAB569} = {E0CB00DE-3D04-4138-9D46-67DBC6C92FB7}
		{110070EB-11B9-4BFC-922E-3F2491941EDC} = {347065BE-2F98-46DE-B01C-D768D7CF4E1D}
		{60F882E1-BAAC-4B74-B5FE-86B89BC1C7B5} = {347065BE-2F98-46DE-B01C-D768D7CF4E1D}
		{621B3305-01F5-4A7C-B1C0-30D70850339B} = {347065BE-2F98-46DE-B01C-D768D7CF4E1D}
		{F0170788-325E-43A7-B254-0A182E05ADED} = {E0CB00DE-3D04-4138-9D46-67DBC6C92FB7}
		{E6048C3D-5459-4222-87C9-332B35971230} = {E0CB00DE-3D04-4138-9D46-67DBC6C92FB7}
		{E818425F-A2E6-4515-9138-6801FBB1E9BF} = {347065BE-2F98-46DE-B01C-D768D7CF4E1D}
		{6C300608-08B7-44ED-AE58-E09B3279CCE0} = {08744F51-71BF-4959-9F03-66F9EE42D32F}
		{755AAF6E-D492-42B4-9624-4413D3964B10} = {560BE328-4354-4D15-A0B6-1FCC3A6539C4}
		{A72428D1-062F-43E5-A77E-79362E864F12} = {034E346F-F9E2-414C-902F-7DA1519E20CE}
	EndGlobalSection
EndGlobal
